
Microsoft Visual Studio Solution File, Format Version 12.00
# Visual Studio Version 16
VisualStudioVersion = 16.0.32228.343
MinimumVisualStudioVersion = 10.0.40219.1
Project("{FAE04EC0-301F-11D3-BF4B-00C04F79EFBC}") = "PrjTeste", "PrjTeste\PrjTeste.csproj", "{567C6B1A-EC08-4425-88B1-FDF3A3200431}"
EndProject
Global
	GlobalSection(SolutionConfigurationPlatforms) = preSolution
		Debug|Any CPU = Debug|Any CPU
		Release|Any CPU = Release|Any CPU
	EndGlobalSection
	GlobalSection(ProjectConfigurationPlatforms) = postSolution
		{567C6B1A-EC08-4425-88B1-FDF3A3200431}.Debug|Any CPU.ActiveCfg = Debug|Any CPU
		{567C6B1A-EC08-4425-88B1-FDF3A3200431}.Debug|Any CPU.Build.0 = Debug|Any CPU
		{567C6B1A-EC08-4425-88B1-FDF3A3200431}.Release|Any CPU.ActiveCfg = Release|Any CPU
		{567C6B1A-EC08-4425-88B1-FDF3A3200431}.Release|Any CPU.Build.0 = Release|Any CPU
	EndGlobalSection
	GlobalSection(SolutionProperties) = preSolution
		HideSolutionNode = FALSE
	EndGlobalSection
	GlobalSection(ExtensibilityGlobals) = postSolution
		SolutionGuid = {E05A3FE0-EB04-4B34-81DC-C0A69AD79238}
	EndGlobalSection
EndGlobal
